gopkg.in/go-ini/ini.v1 v1.66.4 h1:D+Pf2zDbMRIu5jqvMKF4ienECDJiU83376HNqnHgw50=
gopkg.in/go-ini/ini.v1 v1.66.4/go.mod h1:M74/hG4RTwbkZyTEZ9iQwM4v6dFD4u6QBjoqT/pM8Kg=
gopkg.in/ini.v1 v1.66.4 h1:SsAcf+mM7mRZo2nJNGt8mZCjG8ZRaNGMURJw7BsIST4=
gopkg.in/ini.v1 v1.66.4/go.mod h1:pNLf8WUiyNEtQjuu5G5vTm06TEv9tsIgeAvK8hOrP4k=
